
Microsoft Visual Studio Solution File, Format Version 11.00
# Visual Studio 2010
Project("{FAE04EC0-301F-11D3-BF4B-00C04F79EFBC}") = "Assembly-CSharp", "Assembly-CSharp.csproj", "{962D05DA-8F02-25CA-95CE-28E6246C5430}"
EndProject
Project("{FAE04EC0-301F-11D3-BF4B-00C04F79EFBC}") = "Assembly-CSharp-Editor", "Assembly-CSharp-Editor.csproj", "{BF006187-E50A-F83F-C603-7E7F982E864A}"
EndProject
Global
	GlobalSection(SolutionConfigurationPlatforms) = preSolution
		Debug|Any CPU = Debug|Any CPU
		Release|Any CPU = Release|Any CPU
	EndGlobalSection
	GlobalSection(ProjectConfigurationPlatforms) = postSolution
		{962D05DA-8F02-25CA-95CE-28E6246C5430}.Debug|Any CPU.ActiveCfg = Debug|Any CPU
		{962D05DA-8F02-25CA-95CE-28E6246C5430}.Debug|Any CPU.Build.0 = Debug|Any CPU
		{962D05DA-8F02-25CA-95CE-28E6246C5430}.Release|Any CPU.ActiveCfg = Release|Any CPU
		{962D05DA-8F02-25CA-95CE-28E6246C5430}.Release|Any CPU.Build.0 = Release|Any CPU
		{BF006187-E50A-F83F-C603-7E7F982E864A}.Debug|Any CPU.ActiveCfg = Debug|Any CPU
		{BF006187-E50A-F83F-C603-7E7F982E864A}.Debug|Any CPU.Build.0 = Debug|Any CPU
		{BF006187-E50A-F83F-C603-7E7F982E864A}.Release|Any CPU.ActiveCfg = Release|Any CPU
		{BF006187-E50A-F83F-C603-7E7F982E864A}.Release|Any CPU.Build.0 = Release|Any CPU
	EndGlobalSection
	GlobalSection(SolutionProperties) = preSolution
		HideSolutionNode = FALSE
	EndGlobalSection
	GlobalSection(MonoDevelopProperties) = preSolution
		StartupItem = Assembly-CSharp.csproj
	EndGlobalSection
EndGlobal
